// !$*UTF8*$!
{
	archiveVersion = 1;
	classes = {
	};
	objectVersion = 48;
	objects = {

/* Begin PBXBuildFile section */
		BB4F3A8C200E178800C37D34 /* AppDelegate.swift in Sources */ = {isa = PBXBuildFile; fileRef = BB4F3A8B200E178800C37D34 /* AppDelegate.swift */; };
		BB4F3A8E200E178800C37D34 /* ViewController.swift in Sources */ = {isa = PBXBuildFile; fileRef = BB4F3A8D200E178800C37D34 /* ViewController.swift */; };
		BB4F3A91200E178800C37D34 /* Main.storyboard in Resources */ = {isa = PBXBuildFile; fileRef = BB4F3A8F200E178800C37D34 /* Main.storyboard */; };
		BB4F3A93200E178800C37D34 /* Assets.xcassets in Resources */ = {isa = PBXBuildFile; fileRef = BB4F3A92200E178800C37D34 /* Assets.xcassets */; };
		BB4F3A96200E178800C37D34 /* LaunchScreen.storyboard in Resources */ = {isa = PBXBuildFile; fileRef = BB4F3A94200E178800C37D34 /* LaunchScreen.storyboard */; };
		BB4F3A9E200E17D600C37D34 /* Shape.swift in Sources */ = {isa = PBXBuildFile; fileRef = BB4F3A9D200E17D600C37D34 /* Shape.swift */; };
/* End PBXBuildFile section */

/* Begin PBXFileReference section */
		BB4F3A88200E178800C37D34 /* day06.app */ = {isa = PBXFileReference; explicitFileType = wrapper.application; includeInIndex = 0; path = day06.app; sourceTree = BUILT_PRODUCTS_DIR; };
		BB4F3A8B200E178800C37D34 /* AppDelegate.swift */ = {isa = PBXFileReference; lastKnownFileType = sourcecode.swift; path = AppDelegate.swift; sourceTree = "<group>"; };
		BB4F3A8D200E178800C37D34 /* ViewController.swift */ = {isa = PBXFileReference; lastKnownFileType = sourcecode.swift; path = ViewController.swift; sourceTree = "<group>"; };
		BB4F3A90200E178800C37D34 /* Base */ = {isa = PBXFileReference; lastKnownFileType = file.storyboard; name = Base; path = Base.lproj/Main.storyboard; sourceTree = "<group>"; };
		BB4F3A92200E178800C37D34 /* Assets.xcassets */ = {isa = PBXFileReference; lastKnownFileType = folder.assetcatalog; path = Assets.xcassets; sourceTree = "<group>"; };
		BB4F3A95200E178800C37D34 /* Base */ = {isa = PBXFileReference; lastKnownFileType = file.storyboard; name = Base; path = Base.lproj/LaunchScreen.storyboard; sourceTree = "<group>"; };
		BB4F3A97200E178800C37D34 /* Info.plist */ = {isa = PBXFileReference; lastKnownFileType = text.plist.xml; path = Info.plist; sourceTree = "<group>"; };
		BB4F3A9D200E17D600C37D34 /* Shape.swift */ = {isa = PBXFileReference; lastKnownFileType = sourcecode.swift; path = Shape.swift; sourceTree = "<group>"; };
/* End PBXFileReference section */

/* Begin PBXFrameworksBuildPhase section */
		BB4F3A85200E178800C37D34 /* Frameworks */ = {
			isa = PBXFrameworksBuildPhase;
			buildActionMask = 2147483647;
			files = (
			);
			runOnlyForDeploymentPostprocessing = 0;
		};
/* End PBXFrameworksBuildPhase section */

/* Begin PBXGroup section */
		BB4F3A7F200E178800C37D34 = {
			isa = PBXGroup;
			children = (
				BB4F3A8A200E178800C37D34 /* day06 */,
				BB4F3A89200E178800C37D34 /* Products */,
			);
			sourceTree = "<group>";
		};
		BB4F3A89200E178800C37D34 /* Products */ = {
			isa = PBXGroup;
			children = (
				BB4F3A88200E178800C37D34 /* day06.app */,
			);
			name = Products;
			sourceTree = "<group>";
		};
		BB4F3A8A200E178800C37D34 /* day06 */ = {
			isa = PBXGroup;
			children = (
				BB4F3A8B200E178800C37D34 /* AppDelegate.swift */,
				BB4F3A8D200E178800C37D34 /* ViewController.swift */,
				BB4F3A9D200E17D600C37D34 /* Shape.swift */,
				BB4F3A8F200E178800C37D34 /* Main.storyboard */,
				BB4F3A92200E178800C37D34 /* Assets.xcassets */,
				BB4F3A94200E178800C37D34 /* LaunchScreen.storyboard */,
				BB4F3A97200E178800C37D34 /* Info.plist */,
			);
			path = day06;
			sourceTree = "<group>";
		};
/* End PBXGroup section */

/* Begin PBXNativeTarget section */
		BB4F3A87200E178800C37D34 /* day06 */ = {
			isa = PBXNativeTarget;
			buildConfigurationList = BB4F3A9A200E178800C37D34 /* Build configuration list for PBXNativeTarget "day06" */;
			buildPhases = (
				BB4F3A84200E178800C37D34 /* Sources */,
				BB4F3A85200E178800C37D34 /* Frameworks */,
				BB4F3A86200E178800C37D34 /* Resources */,
			);
			buildRules = (
			);
			dependencies = (
			);
			name = day06;
			productName = day06;
			productReference = BB4F3A88200E178800C37D34 /* day06.app */;
			productType = "com.apple.product-type.application";
		};
/* End PBXNativeTarget section */

/* Begin PBXProject section */
		BB4F3A80200E178800C37D34 /* Project object */ = {
			isa = PBXProject;
			attributes = {
				LastSwiftUpdateCheck = 0910;
				LastUpgradeCheck = 0910;
				ORGANIZATIONNAME = "Simon GAUDIN";
				TargetAttributes = {
					BB4F3A87200E178800C37D34 = {
						CreatedOnToolsVersion = 9.1;
						ProvisioningStyle = Automatic;
					};
				};
			};
			buildConfigurationList = BB4F3A83200E178800C37D34 /* Build configuration list for PBXProject "day06" */;
			compatibilityVersion = "Xcode 8.0";
			developmentRegion = en;
			hasScannedForEncodings = 0;
			knownRegions = (
				en,
				Base,
			);
			mainGroup = BB4F3A7F200E178800C37D34;
			productRefGroup = BB4F3A89200E178800C37D34 /* Products */;
			projectDirPath = "";
			projectRoot = "";
			targets = (
				BB4F3A87200E178800C37D34 /* day06 */,
			);
		};
/* End PBXProject section */

/* Begin PBXResourcesBuildPhase section */
		BB4F3A86200E178800C37D34 /* Resources */ = {
			isa = PBXResourcesBuildPhase;
			buildActionMask = 2147483647;
			files = (
				BB4F3A96200E178800C37D34 /* LaunchScreen.storyboard in Resources */,
				BB4F3A93200E178800C37D34 /* Assets.xcassets in Resources */,
				BB4F3A91200E178800C37D34 /* Main.storyboard in Resources */,
			);
			runOnlyForDeploymentPostprocessing = 0;
		};
/* End PBXResourcesBuildPhase section */

/* Begin PBXSourcesBuildPhase section */
		BB4F3A84200E178800C37D34 /* Sources */ = {
			isa = PBXSourcesBuildPhase;
			buildActionMask = 2147483647;
			files = (
				BB4F3A8E200E178800C37D34 /* ViewController.swift in Sources */,
				BB4F3A9E200E17D600C37D34 /* Shape.swift in Sources */,
				BB4F3A8C200E178800C37D34 /* AppDelegate.swift in Sources */,
			);
			runOnlyForDeploymentPostprocessing = 0;
		};
/* End PBXSourcesBuildPhase section */

/* Begin PBXVariantGroup section */
		BB4F3A8F200E178800C37D34 /* Main.storyboard */ = {
			isa = PBXVariantGroup;
			children = (
				BB4F3A90200E178800C37D34 /* Base */,
			);
			name = Main.storyboard;
			sourceTree = "<group>";
		};
		BB4F3A94200E178800C37D34 /* LaunchScreen.storyboard */ = {
			isa = PBXVariantGroup;
			children = (
				BB4F3A95200E178800C37D34 /* Base */,
			);
			name = LaunchScreen.storyboard;
			sourceTree = "<group>";
		};
/* End PBXVariantGroup section */

/* Begin XCBuildConfiguration section */
		BB4F3A98200E178800C37D34 /* Debug */ = {
			isa = XCBuildConfiguration;
			buildSettings = {
				ALWAYS_SEARCH_USER_PATHS = NO;
				CLANG_ANALYZER_NONNULL = YES;
				CLANG_ANALYZER_NUMBER_OBJECT_CONVERSION = YES_AGGRESSIVE;
				CLANG_CXX_LANGUAGE_STANDARD = "gnu++14";
				CLANG_CXX_LIBRARY = "libc++";
				CLANG_ENABLE_MODULES = YES;
				CLANG_ENABLE_OBJC_ARC = YES;
				CLANG_WARN_BLOCK_CAPTURE_AUTORELEASING = YES;
				CLANG_WARN_BOOL_CONVERSION = YES;
				CLANG_WARN_COMMA = YES;
				CLANG_WARN_CONSTANT_CONVERSION = YES;
				CLANG_WARN_DIRECT_OBJC_ISA_USAGE = YES_ERROR;
				CLANG_WARN_DOCUMENTATION_COMMENTS = YES;
				CLANG_WARN_EMPTY_BODY = YES;
				CLANG_WARN_ENUM_CONVERSION = YES;
				CLANG_WARN_INFINITE_RECURSION = YES;
				CLANG_WARN_INT_CONVERSION = YES;
				CLANG_WARN_NON_LITERAL_NULL_CONVERSION = YES;
				CLANG_WARN_OBJC_LITERAL_CONVERSION = YES;
				CLANG_WARN_OBJC_ROOT_CLASS = YES_ERROR;
				CLANG_WARN_RANGE_LOOP_ANALYSIS = YES;
				CLANG_WARN_STRICT_PROTOTYPES = YES;
				CLANG_WARN_SUSPICIOUS_MOVE = YES;
				CLANG_WARN_UNGUARDED_AVAILABILITY = YES_AGGRESSIVE;
				CLANG_WARN_UNREACHABLE_CODE = YES;
				CLANG_WARN__DUPLICATE_METHOD_MATCH = YES;
				CODE_SIGN_IDENTITY = "iPhone Developer";
				COPY_PHASE_STRIP = NO;
				DEBUG_INFORMATION_FORMAT = dwarf;
				ENABLE_STRICT_OBJC_MSGSEND = YES;
				ENABLE_TESTABILITY = YES;
				GCC_C_LANGUAGE_STANDARD = gnu11;
				GCC_DYNAMIC_NO_PIC = NO;
				GCC_NO_COMMON_BLOCKS = YES;
				GCC_OPTIMIZATION_LEVEL = 0;
				GCC_PREPROCESSOR_DEFINITIONS = (
					"DEBUG=1",
					"$(inherited)",
				);
				GCC_WARN_64_TO_32_BIT_CONVERSION = YES;
				GCC_WARN_ABOUT_RETURN_TYPE = YES_ERROR;
				GCC_WARN_UNDECLARED_SELECTOR = YES;
				GCC_WARN_UNINITIALIZED_AUTOS = YES_AGGRESSIVE;
				GCC_WARN_UNUSED_FUNCTION = YES;
				GCC_WARN_UNUSED_VARIABLE = YES;
				IPHONEOS_DEPLOYMENT_TARGET = 11.1;
				MTL_ENABLE_DEBUG_INFO = YES;
				ONLY_ACTIVE_ARCH = YES;
				SDKROOT = iphoneos;
				SWIFT_ACTIVE_COMPILATION_CONDITIONS = DEBUG;
				SWIFT_OPTIMIZATION_LEVEL = "-Onone";
			};
			name = Debug;
		};
		BB4F3A99200E178800C37D34 /* Release */ = {
			isa = XCBuildConfiguration;
			buildSettings = {
				ALWAYS_SEARCH_USER_PATHS = NO;
				CLANG_ANALYZER_NONNULL = YES;
				CLANG_ANALYZER_NUMBER_OBJECT_CONVERSION = YES_AGGRESSIVE;
				CLANG_CXX_LANGUAGE_STANDARD = "gnu++14";
				CLANG_CXX_LIBRARY = "libc++";
				CLANG_ENABLE_MODULES = YES;
				CLANG_ENABLE_OBJC_ARC = YES;
				CLANG_WARN_BLOCK_CAPTURE_AUTORELEASING = YES;
				CLANG_WARN_BOOL_CONVERSION = YES;
				CLANG_WARN_COMMA = YES;
				CLANG_WARN_CONSTANT_CONVERSION = YES;
				CLANG_WARN_DIRECT_OBJC_ISA_USAGE = YES_ERROR;
				CLANG_WARN_DOCUMENTATION_COMMENTS = YES;
				CLANG_WARN_EMPTY_BODY = YES;
				CLANG_WARN_ENUM_CONVERSION = YES;
				CLANG_WARN_INFINITE_RECURSION = YES;
				CLANG_WARN_INT_CONVERSION = YES;
				CLANG_WARN_NON_LITERAL_NULL_CONVERSION = YES;
				CLANG_WARN_OBJC_LITERAL_CONVERSION = YES;
				CLANG_WARN_OBJC_ROOT_CLASS = YES_ERROR;
				CLANG_WARN_RANGE_LOOP_ANALYSIS = YES;
				CLANG_WARN_STRICT_PROTOTYPES = YES;
				CLANG_WARN_SUSPICIOUS_MOVE = YES;
				CLANG_WARN_UNGUARDED_AVAILABILITY = YES_AGGRESSIVE;
				CLANG_WARN_UNREACHABLE_CODE = YES;
				CLANG_WARN__DUPLICATE_METHOD_MATCH = YES;
				CODE_SIGN_IDENTITY = "iPhone Developer";
				COPY_PHASE_STRIP = NO;
				DEBUG_INFORMATION_FORMAT = "dwarf-with-dsym";
				ENABLE_NS_ASSERTIONS = NO;
				ENABLE_STRICT_OBJC_MSGSEND = YES;
				GCC_C_LANGUAGE_STANDARD = gnu11;
				GCC_NO_COMMON_BLOCKS = YES;
				GCC_WARN_64_TO_32_BIT_CONVERSION = YES;
				GCC_WARN_ABOUT_RETURN_TYPE = YES_ERROR;
				GCC_WARN_UNDECLARED_SELECTOR = YES;
				GCC_WARN_UNINITIALIZED_AUTOS = YES_AGGRESSIVE;
				GCC_WARN_UNUSED_FUNCTION = YES;
				GCC_WARN_UNUSED_VARIABLE = YES;
				IPHONEOS_DEPLOYMENT_TARGET = 11.1;
				MTL_ENABLE_DEBUG_INFO = NO;
				SDKROOT = iphoneos;
				SWIFT_OPTIMIZATION_LEVEL = "-Owholemodule";
				VALIDATE_PRODUCT = YES;
			};
			name = Release;
		};
		BB4F3A9B200E178800C37D34 /* Debug */ = {
			isa = XCBuildConfiguration;
			buildSettings = {
				ASSETCATALOG_COMPILER_APPICON_NAME = AppIcon;
				CODE_SIGN_STYLE = Automatic;
				INFOPLIST_FILE = day06/Info.plist;
				LD_RUNPATH_SEARCH_PATHS = "$(inherited) @executable_path/Frameworks";
				PRODUCT_BUNDLE_IDENTIFIER = sgaudin.day06;
				PRODUCT_NAME = "$(TARGET_NAME)";
				SWIFT_VERSION = 4.0;
				TARGETED_DEVICE_FAMILY = "1,2";
			};
			name = Debug;
		};
		BB4F3A9C200E178800C37D34 /* Release */ = {
			isa = XCBuildConfiguration;
			buildSettings = {
				ASSETCATALOG_COMPILER_APPICON_NAME = AppIcon;
				CODE_SIGN_STYLE = Automatic;
				INFOPLIST_FILE = day06/Info.plist;
				LD_RUNPATH_SEARCH_PATHS = "$(inherited) @executable_path/Frameworks";
				PRODUCT_BUNDLE_IDENTIFIER = sgaudin.day06;
				PRODUCT_NAME = "$(TARGET_NAME)";
				SWIFT_VERSION = 4.0;
				TARGETED_DEVICE_FAMILY = "1,2";
			};
			name = Release;
		};
/* End XCBuildConfiguration section */

/* Begin XCConfigurationList section */
		BB4F3A83200E178800C37D34 /* Build configuration list for PBXProject "day06" */ = {
			isa = XCConfigurationList;
			buildConfigurations = (
				BB4F3A98200E178800C37D34 /* Debug */,
				BB4F3A99200E178800C37D34 /* Release */,
			);
			defaultConfigurationIsVisible = 0;
			defaultConfigurationName = Release;
		};
		BB4F3A9A200E178800C37D34 /* Build configuration list for PBXNativeTarget "day06" */ = {
			isa = XCConfigurationList;
			buildConfigurations = (
				BB4F3A9B200E178800C37D34 /* Debug */,
				BB4F3A9C200E178800C37D34 /* Release */,
			);
			defaultConfigurationIsVisible = 0;
			defaultConfigurationName = Release;
		};
/* End XCConfigurationList section */
	};
	rootObject = BB4F3A80200E178800C37D34 /* Project object */;
}
