// !$*UTF8*$!
{
	archiveVersion = 1;
	classes = {
	};
	objectVersion = 48;
	objects = {

/* Begin PBXBuildFile section */
		8CBCF90E200A55FA00B35588 /* structures.swift in Sources */ = {isa = PBXBuildFile; fileRef = 8CBCF90D200A55FA00B35588 /* structures.swift */; };
		8E104636200A13B00043FBC4 /* AppDelegate.swift in Sources */ = {isa = PBXBuildFile; fileRef = 8E104635200A13B00043FBC4 /* AppDelegate.swift */; };
		8E104638200A13B00043FBC4 /* TopicsViewController.swift in Sources */ = {isa = PBXBuildFile; fileRef = 8E104637200A13B00043FBC4 /* TopicsViewController.swift */; };
		8E10463B200A13B00043FBC4 /* Main.storyboard in Resources */ = {isa = PBXBuildFile; fileRef = 8E104639200A13B00043FBC4 /* Main.storyboard */; };
		8E10463D200A13B00043FBC4 /* Assets.xcassets in Resources */ = {isa = PBXBuildFile; fileRef = 8E10463C200A13B00043FBC4 /* Assets.xcassets */; };
		8E104640200A13B00043FBC4 /* LaunchScreen.storyboard in Resources */ = {isa = PBXBuildFile; fileRef = 8E10463E200A13B00043FBC4 /* LaunchScreen.storyboard */; };
		8E4F649E200A47DB00F61B6F /* LoginViewController.swift in Sources */ = {isa = PBXBuildFile; fileRef = 8E4F649D200A47DB00F61B6F /* LoginViewController.swift */; };
		BBED2E08200A568A00709BD9 /* IntraWebViewController.swift in Sources */ = {isa = PBXBuildFile; fileRef = BBED2E07200A568A00709BD9 /* IntraWebViewController.swift */; };
		BBED2E0A200A5EF700709BD9 /* APIController.swift in Sources */ = {isa = PBXBuildFile; fileRef = BBED2E09200A5EF700709BD9 /* APIController.swift */; };
/* End PBXBuildFile section */

/* Begin PBXFileReference section */
		8CBCF90D200A55FA00B35588 /* structures.swift */ = {isa = PBXFileReference; lastKnownFileType = sourcecode.swift; path = structures.swift; sourceTree = "<group>"; };
		8E104632200A13B00043FBC4 /* Forum.app */ = {isa = PBXFileReference; explicitFileType = wrapper.application; includeInIndex = 0; path = Forum.app; sourceTree = BUILT_PRODUCTS_DIR; };
		8E104635200A13B00043FBC4 /* AppDelegate.swift */ = {isa = PBXFileReference; lastKnownFileType = sourcecode.swift; path = AppDelegate.swift; sourceTree = "<group>"; };
		8E104637200A13B00043FBC4 /* TopicsViewController.swift */ = {isa = PBXFileReference; lastKnownFileType = sourcecode.swift; path = TopicsViewController.swift; sourceTree = "<group>"; };
		8E10463A200A13B00043FBC4 /* Base */ = {isa = PBXFileReference; lastKnownFileType = file.storyboard; name = Base; path = Base.lproj/Main.storyboard; sourceTree = "<group>"; };
		8E10463C200A13B00043FBC4 /* Assets.xcassets */ = {isa = PBXFileReference; lastKnownFileType = folder.assetcatalog; path = Assets.xcassets; sourceTree = "<group>"; };
		8E10463F200A13B00043FBC4 /* Base */ = {isa = PBXFileReference; lastKnownFileType = file.storyboard; name = Base; path = Base.lproj/LaunchScreen.storyboard; sourceTree = "<group>"; };
		8E104641200A13B00043FBC4 /* Info.plist */ = {isa = PBXFileReference; lastKnownFileType = text.plist.xml; path = Info.plist; sourceTree = "<group>"; };
		8E4F649D200A47DB00F61B6F /* LoginViewController.swift */ = {isa = PBXFileReference; lastKnownFileType = sourcecode.swift; path = LoginViewController.swift; sourceTree = "<group>"; };
		BBED2E07200A568A00709BD9 /* IntraWebViewController.swift */ = {isa = PBXFileReference; fileEncoding = 4; lastKnownFileType = sourcecode.swift; path = IntraWebViewController.swift; sourceTree = "<group>"; };
		BBED2E09200A5EF700709BD9 /* APIController.swift */ = {isa = PBXFileReference; lastKnownFileType = sourcecode.swift; path = APIController.swift; sourceTree = "<group>"; };
/* End PBXFileReference section */

/* Begin PBXFrameworksBuildPhase section */
		8E10462F200A13B00043FBC4 /* Frameworks */ = {
			isa = PBXFrameworksBuildPhase;
			buildActionMask = 2147483647;
			files = (
			);
			runOnlyForDeploymentPostprocessing = 0;
		};
/* End PBXFrameworksBuildPhase section */

/* Begin PBXGroup section */
		8E104629200A13B00043FBC4 = {
			isa = PBXGroup;
			children = (
				8E104634200A13B00043FBC4 /* Forum */,
				8E104633200A13B00043FBC4 /* Products */,
			);
			sourceTree = "<group>";
		};
		8E104633200A13B00043FBC4 /* Products */ = {
			isa = PBXGroup;
			children = (
				8E104632200A13B00043FBC4 /* Forum.app */,
			);
			name = Products;
			sourceTree = "<group>";
		};
		8E104634200A13B00043FBC4 /* Forum */ = {
			isa = PBXGroup;
			children = (
				8E104635200A13B00043FBC4 /* AppDelegate.swift */,
				BBED2E07200A568A00709BD9 /* IntraWebViewController.swift */,
				BBED2E09200A5EF700709BD9 /* APIController.swift */,
				8E104637200A13B00043FBC4 /* TopicsViewController.swift */,
				8E4F649D200A47DB00F61B6F /* LoginViewController.swift */,
				8E104639200A13B00043FBC4 /* Main.storyboard */,
				8E10463C200A13B00043FBC4 /* Assets.xcassets */,
				8E10463E200A13B00043FBC4 /* LaunchScreen.storyboard */,
				8E104641200A13B00043FBC4 /* Info.plist */,
				8CBCF90D200A55FA00B35588 /* structures.swift */,
			);
			path = Forum;
			sourceTree = "<group>";
		};
/* End PBXGroup section */

/* Begin PBXNativeTarget section */
		8E104631200A13B00043FBC4 /* Forum */ = {
			isa = PBXNativeTarget;
			buildConfigurationList = 8E104644200A13B00043FBC4 /* Build configuration list for PBXNativeTarget "Forum" */;
			buildPhases = (
				8E10462E200A13B00043FBC4 /* Sources */,
				8E10462F200A13B00043FBC4 /* Frameworks */,
				8E104630200A13B00043FBC4 /* Resources */,
			);
			buildRules = (
			);
			dependencies = (
			);
			name = Forum;
			productName = Forum;
			productReference = 8E104632200A13B00043FBC4 /* Forum.app */;
			productType = "com.apple.product-type.application";
		};
/* End PBXNativeTarget section */

/* Begin PBXProject section */
		8E10462A200A13B00043FBC4 /* Project object */ = {
			isa = PBXProject;
			attributes = {
				LastSwiftUpdateCheck = 0910;
				LastUpgradeCheck = 0910;
				ORGANIZATIONNAME = "Anil KARAGOZ";
				TargetAttributes = {
					8E104631200A13B00043FBC4 = {
						CreatedOnToolsVersion = 9.1;
						ProvisioningStyle = Automatic;
					};
				};
			};
			buildConfigurationList = 8E10462D200A13B00043FBC4 /* Build configuration list for PBXProject "Forum" */;
			compatibilityVersion = "Xcode 8.0";
			developmentRegion = en;
			hasScannedForEncodings = 0;
			knownRegions = (
				en,
				Base,
			);
			mainGroup = 8E104629200A13B00043FBC4;
			productRefGroup = 8E104633200A13B00043FBC4 /* Products */;
			projectDirPath = "";
			projectRoot = "";
			targets = (
				8E104631200A13B00043FBC4 /* Forum */,
			);
		};
/* End PBXProject section */

/* Begin PBXResourcesBuildPhase section */
		8E104630200A13B00043FBC4 /* Resources */ = {
			isa = PBXResourcesBuildPhase;
			buildActionMask = 2147483647;
			files = (
				8E104640200A13B00043FBC4 /* LaunchScreen.storyboard in Resources */,
				8E10463D200A13B00043FBC4 /* Assets.xcassets in Resources */,
				8E10463B200A13B00043FBC4 /* Main.storyboard in Resources */,
			);
			runOnlyForDeploymentPostprocessing = 0;
		};
/* End PBXResourcesBuildPhase section */

/* Begin PBXSourcesBuildPhase section */
		8E10462E200A13B00043FBC4 /* Sources */ = {
			isa = PBXSourcesBuildPhase;
			buildActionMask = 2147483647;
			files = (
				8E4F649E200A47DB00F61B6F /* LoginViewController.swift in Sources */,
				8E104638200A13B00043FBC4 /* TopicsViewController.swift in Sources */,
				BBED2E08200A568A00709BD9 /* IntraWebViewController.swift in Sources */,
				8E104636200A13B00043FBC4 /* AppDelegate.swift in Sources */,
				BBED2E0A200A5EF700709BD9 /* APIController.swift in Sources */,
				8CBCF90E200A55FA00B35588 /* structures.swift in Sources */,
			);
			runOnlyForDeploymentPostprocessing = 0;
		};
/* End PBXSourcesBuildPhase section */

/* Begin PBXVariantGroup section */
		8E104639200A13B00043FBC4 /* Main.storyboard */ = {
			isa = PBXVariantGroup;
			children = (
				8E10463A200A13B00043FBC4 /* Base */,
			);
			name = Main.storyboard;
			sourceTree = "<group>";
		};
		8E10463E200A13B00043FBC4 /* LaunchScreen.storyboard */ = {
			isa = PBXVariantGroup;
			children = (
				8E10463F200A13B00043FBC4 /* Base */,
			);
			name = LaunchScreen.storyboard;
			sourceTree = "<group>";
		};
/* End PBXVariantGroup section */

/* Begin XCBuildConfiguration section */
		8E104642200A13B00043FBC4 /* Debug */ = {
			isa = XCBuildConfiguration;
			buildSettings = {
				ALWAYS_SEARCH_USER_PATHS = NO;
				CLANG_ANALYZER_NONNULL = YES;
				CLANG_ANALYZER_NUMBER_OBJECT_CONVERSION = YES_AGGRESSIVE;
				CLANG_CXX_LANGUAGE_STANDARD = "gnu++14";
				CLANG_CXX_LIBRARY = "libc++";
				CLANG_ENABLE_MODULES = YES;
				CLANG_ENABLE_OBJC_ARC = YES;
				CLANG_WARN_BLOCK_CAPTURE_AUTORELEASING = YES;
				CLANG_WARN_BOOL_CONVERSION = YES;
				CLANG_WARN_COMMA = YES;
				CLANG_WARN_CONSTANT_CONVERSION = YES;
				CLANG_WARN_DIRECT_OBJC_ISA_USAGE = YES_ERROR;
				CLANG_WARN_DOCUMENTATION_COMMENTS = YES;
				CLANG_WARN_EMPTY_BODY = YES;
				CLANG_WARN_ENUM_CONVERSION = YES;
				CLANG_WARN_INFINITE_RECURSION = YES;
				CLANG_WARN_INT_CONVERSION = YES;
				CLANG_WARN_NON_LITERAL_NULL_CONVERSION = YES;
				CLANG_WARN_OBJC_LITERAL_CONVERSION = YES;
				CLANG_WARN_OBJC_ROOT_CLASS = YES_ERROR;
				CLANG_WARN_RANGE_LOOP_ANALYSIS = YES;
				CLANG_WARN_STRICT_PROTOTYPES = YES;
				CLANG_WARN_SUSPICIOUS_MOVE = YES;
				CLANG_WARN_UNGUARDED_AVAILABILITY = YES_AGGRESSIVE;
				CLANG_WARN_UNREACHABLE_CODE = YES;
				CLANG_WARN__DUPLICATE_METHOD_MATCH = YES;
				CODE_SIGN_IDENTITY = "iPhone Developer";
				COPY_PHASE_STRIP = NO;
				DEBUG_INFORMATION_FORMAT = dwarf;
				ENABLE_STRICT_OBJC_MSGSEND = YES;
				ENABLE_TESTABILITY = YES;
				GCC_C_LANGUAGE_STANDARD = gnu11;
				GCC_DYNAMIC_NO_PIC = NO;
				GCC_NO_COMMON_BLOCKS = YES;
				GCC_OPTIMIZATION_LEVEL = 0;
				GCC_PREPROCESSOR_DEFINITIONS = (
					"DEBUG=1",
					"$(inherited)",
				);
				GCC_WARN_64_TO_32_BIT_CONVERSION = YES;
				GCC_WARN_ABOUT_RETURN_TYPE = YES_ERROR;
				GCC_WARN_UNDECLARED_SELECTOR = YES;
				GCC_WARN_UNINITIALIZED_AUTOS = YES_AGGRESSIVE;
				GCC_WARN_UNUSED_FUNCTION = YES;
				GCC_WARN_UNUSED_VARIABLE = YES;
				IPHONEOS_DEPLOYMENT_TARGET = 11.1;
				MTL_ENABLE_DEBUG_INFO = YES;
				ONLY_ACTIVE_ARCH = YES;
				SDKROOT = iphoneos;
				SWIFT_ACTIVE_COMPILATION_CONDITIONS = DEBUG;
				SWIFT_OPTIMIZATION_LEVEL = "-Onone";
			};
			name = Debug;
		};
		8E104643200A13B00043FBC4 /* Release */ = {
			isa = XCBuildConfiguration;
			buildSettings = {
				ALWAYS_SEARCH_USER_PATHS = NO;
				CLANG_ANALYZER_NONNULL = YES;
				CLANG_ANALYZER_NUMBER_OBJECT_CONVERSION = YES_AGGRESSIVE;
				CLANG_CXX_LANGUAGE_STANDARD = "gnu++14";
				CLANG_CXX_LIBRARY = "libc++";
				CLANG_ENABLE_MODULES = YES;
				CLANG_ENABLE_OBJC_ARC = YES;
				CLANG_WARN_BLOCK_CAPTURE_AUTORELEASING = YES;
				CLANG_WARN_BOOL_CONVERSION = YES;
				CLANG_WARN_COMMA = YES;
				CLANG_WARN_CONSTANT_CONVERSION = YES;
				CLANG_WARN_DIRECT_OBJC_ISA_USAGE = YES_ERROR;
				CLANG_WARN_DOCUMENTATION_COMMENTS = YES;
				CLANG_WARN_EMPTY_BODY = YES;
				CLANG_WARN_ENUM_CONVERSION = YES;
				CLANG_WARN_INFINITE_RECURSION = YES;
				CLANG_WARN_INT_CONVERSION = YES;
				CLANG_WARN_NON_LITERAL_NULL_CONVERSION = YES;
				CLANG_WARN_OBJC_LITERAL_CONVERSION = YES;
				CLANG_WARN_OBJC_ROOT_CLASS = YES_ERROR;
				CLANG_WARN_RANGE_LOOP_ANALYSIS = YES;
				CLANG_WARN_STRICT_PROTOTYPES = YES;
				CLANG_WARN_SUSPICIOUS_MOVE = YES;
				CLANG_WARN_UNGUARDED_AVAILABILITY = YES_AGGRESSIVE;
				CLANG_WARN_UNREACHABLE_CODE = YES;
				CLANG_WARN__DUPLICATE_METHOD_MATCH = YES;
				CODE_SIGN_IDENTITY = "iPhone Developer";
				COPY_PHASE_STRIP = NO;
				DEBUG_INFORMATION_FORMAT = "dwarf-with-dsym";
				ENABLE_NS_ASSERTIONS = NO;
				ENABLE_STRICT_OBJC_MSGSEND = YES;
				GCC_C_LANGUAGE_STANDARD = gnu11;
				GCC_NO_COMMON_BLOCKS = YES;
				GCC_WARN_64_TO_32_BIT_CONVERSION = YES;
				GCC_WARN_ABOUT_RETURN_TYPE = YES_ERROR;
				GCC_WARN_UNDECLARED_SELECTOR = YES;
				GCC_WARN_UNINITIALIZED_AUTOS = YES_AGGRESSIVE;
				GCC_WARN_UNUSED_FUNCTION = YES;
				GCC_WARN_UNUSED_VARIABLE = YES;
				IPHONEOS_DEPLOYMENT_TARGET = 11.1;
				MTL_ENABLE_DEBUG_INFO = NO;
				SDKROOT = iphoneos;
				SWIFT_OPTIMIZATION_LEVEL = "-Owholemodule";
				VALIDATE_PRODUCT = YES;
			};
			name = Release;
		};
		8E104645200A13B00043FBC4 /* Debug */ = {
			isa = XCBuildConfiguration;
			buildSettings = {
				ASSETCATALOG_COMPILER_APPICON_NAME = AppIcon;
				CODE_SIGN_STYLE = Automatic;
				INFOPLIST_FILE = Forum/Info.plist;
				LD_RUNPATH_SEARCH_PATHS = "$(inherited) @executable_path/Frameworks";
				PRODUCT_BUNDLE_IDENTIFIER = akaragoz.Forum;
				PRODUCT_NAME = "$(TARGET_NAME)";
				SWIFT_VERSION = 4.0;
				TARGETED_DEVICE_FAMILY = "1,2";
			};
			name = Debug;
		};
		8E104646200A13B00043FBC4 /* Release */ = {
			isa = XCBuildConfiguration;
			buildSettings = {
				ASSETCATALOG_COMPILER_APPICON_NAME = AppIcon;
				CODE_SIGN_STYLE = Automatic;
				INFOPLIST_FILE = Forum/Info.plist;
				LD_RUNPATH_SEARCH_PATHS = "$(inherited) @executable_path/Frameworks";
				PRODUCT_BUNDLE_IDENTIFIER = akaragoz.Forum;
				PRODUCT_NAME = "$(TARGET_NAME)";
				SWIFT_VERSION = 4.0;
				TARGETED_DEVICE_FAMILY = "1,2";
			};
			name = Release;
		};
/* End XCBuildConfiguration section */

/* Begin XCConfigurationList section */
		8E10462D200A13B00043FBC4 /* Build configuration list for PBXProject "Forum" */ = {
			isa = XCConfigurationList;
			buildConfigurations = (
				8E104642200A13B00043FBC4 /* Debug */,
				8E104643200A13B00043FBC4 /* Release */,
			);
			defaultConfigurationIsVisible = 0;
			defaultConfigurationName = Release;
		};
		8E104644200A13B00043FBC4 /* Build configuration list for PBXNativeTarget "Forum" */ = {
			isa = XCConfigurationList;
			buildConfigurations = (
				8E104645200A13B00043FBC4 /* Debug */,
				8E104646200A13B00043FBC4 /* Release */,
			);
			defaultConfigurationIsVisible = 0;
			defaultConfigurationName = Release;
		};
/* End XCConfigurationList section */
	};
	rootObject = 8E10462A200A13B00043FBC4 /* Project object */;
}
