// !$*UTF8*$!
{
	archiveVersion = 1;
	classes = {
	};
	objectVersion = 48;
	objects = {

/* Begin PBXBuildFile section */
		BB7B563A2008E12E000B9224 /* ZoomViewController.swift in Sources */ = {isa = PBXBuildFile; fileRef = BB7B56392008E12E000B9224 /* ZoomViewController.swift */; };
		BBCC63DA2007F9A200A3B3CE /* AppDelegate.swift in Sources */ = {isa = PBXBuildFile; fileRef = BBCC63D92007F9A200A3B3CE /* AppDelegate.swift */; };
		BBCC63DF2007F9A200A3B3CE /* Main.storyboard in Resources */ = {isa = PBXBuildFile; fileRef = BBCC63DD2007F9A200A3B3CE /* Main.storyboard */; };
		BBCC63E12007F9A200A3B3CE /* Assets.xcassets in Resources */ = {isa = PBXBuildFile; fileRef = BBCC63E02007F9A200A3B3CE /* Assets.xcassets */; };
		BBCC63E42007F9A200A3B3CE /* LaunchScreen.storyboard in Resources */ = {isa = PBXBuildFile; fileRef = BBCC63E22007F9A200A3B3CE /* LaunchScreen.storyboard */; };
		BBCC63EE2007FD5800A3B3CE /* PhotosViewController.swift in Sources */ = {isa = PBXBuildFile; fileRef = BBCC63ED2007FD5800A3B3CE /* PhotosViewController.swift */; };
		BBCC63F02007FF9200A3B3CE /* CollectionViewCell.swift in Sources */ = {isa = PBXBuildFile; fileRef = BBCC63EF2007FF9200A3B3CE /* CollectionViewCell.swift */; };
/* End PBXBuildFile section */

/* Begin PBXFileReference section */
		BB7B56392008E12E000B9224 /* ZoomViewController.swift */ = {isa = PBXFileReference; lastKnownFileType = sourcecode.swift; path = ZoomViewController.swift; sourceTree = "<group>"; };
		BBCC63D62007F9A200A3B3CE /* Day03.app */ = {isa = PBXFileReference; explicitFileType = wrapper.application; includeInIndex = 0; path = Day03.app; sourceTree = BUILT_PRODUCTS_DIR; };
		BBCC63D92007F9A200A3B3CE /* AppDelegate.swift */ = {isa = PBXFileReference; lastKnownFileType = sourcecode.swift; path = AppDelegate.swift; sourceTree = "<group>"; };
		BBCC63DE2007F9A200A3B3CE /* Base */ = {isa = PBXFileReference; lastKnownFileType = file.storyboard; name = Base; path = Base.lproj/Main.storyboard; sourceTree = "<group>"; };
		BBCC63E02007F9A200A3B3CE /* Assets.xcassets */ = {isa = PBXFileReference; lastKnownFileType = folder.assetcatalog; path = Assets.xcassets; sourceTree = "<group>"; };
		BBCC63E32007F9A200A3B3CE /* Base */ = {isa = PBXFileReference; lastKnownFileType = file.storyboard; name = Base; path = Base.lproj/LaunchScreen.storyboard; sourceTree = "<group>"; };
		BBCC63E52007F9A200A3B3CE /* Info.plist */ = {isa = PBXFileReference; lastKnownFileType = text.plist.xml; path = Info.plist; sourceTree = "<group>"; };
		BBCC63ED2007FD5800A3B3CE /* PhotosViewController.swift */ = {isa = PBXFileReference; lastKnownFileType = sourcecode.swift; path = PhotosViewController.swift; sourceTree = "<group>"; };
		BBCC63EF2007FF9200A3B3CE /* CollectionViewCell.swift */ = {isa = PBXFileReference; lastKnownFileType = sourcecode.swift; path = CollectionViewCell.swift; sourceTree = "<group>"; };
/* End PBXFileReference section */

/* Begin PBXFrameworksBuildPhase section */
		BBCC63D32007F9A200A3B3CE /* Frameworks */ = {
			isa = PBXFrameworksBuildPhase;
			buildActionMask = 2147483647;
			files = (
			);
			runOnlyForDeploymentPostprocessing = 0;
		};
/* End PBXFrameworksBuildPhase section */

/* Begin PBXGroup section */
		BBCC63CD2007F9A200A3B3CE = {
			isa = PBXGroup;
			children = (
				BBCC63D82007F9A200A3B3CE /* Day03 */,
				BBCC63D72007F9A200A3B3CE /* Products */,
			);
			sourceTree = "<group>";
		};
		BBCC63D72007F9A200A3B3CE /* Products */ = {
			isa = PBXGroup;
			children = (
				BBCC63D62007F9A200A3B3CE /* Day03.app */,
			);
			name = Products;
			sourceTree = "<group>";
		};
		BBCC63D82007F9A200A3B3CE /* Day03 */ = {
			isa = PBXGroup;
			children = (
				BBCC63D92007F9A200A3B3CE /* AppDelegate.swift */,
				BBCC63ED2007FD5800A3B3CE /* PhotosViewController.swift */,
				BBCC63DD2007F9A200A3B3CE /* Main.storyboard */,
				BB7B56392008E12E000B9224 /* ZoomViewController.swift */,
				BBCC63EF2007FF9200A3B3CE /* CollectionViewCell.swift */,
				BBCC63E02007F9A200A3B3CE /* Assets.xcassets */,
				BBCC63E22007F9A200A3B3CE /* LaunchScreen.storyboard */,
				BBCC63E52007F9A200A3B3CE /* Info.plist */,
			);
			path = Day03;
			sourceTree = "<group>";
		};
/* End PBXGroup section */

/* Begin PBXNativeTarget section */
		BBCC63D52007F9A200A3B3CE /* Day03 */ = {
			isa = PBXNativeTarget;
			buildConfigurationList = BBCC63E82007F9A200A3B3CE /* Build configuration list for PBXNativeTarget "Day03" */;
			buildPhases = (
				BBCC63D22007F9A200A3B3CE /* Sources */,
				BBCC63D32007F9A200A3B3CE /* Frameworks */,
				BBCC63D42007F9A200A3B3CE /* Resources */,
			);
			buildRules = (
			);
			dependencies = (
			);
			name = Day03;
			productName = Day03;
			productReference = BBCC63D62007F9A200A3B3CE /* Day03.app */;
			productType = "com.apple.product-type.application";
		};
/* End PBXNativeTarget section */

/* Begin PBXProject section */
		BBCC63CE2007F9A200A3B3CE /* Project object */ = {
			isa = PBXProject;
			attributes = {
				LastSwiftUpdateCheck = 0910;
				LastUpgradeCheck = 0910;
				ORGANIZATIONNAME = "Simon GAUDIN";
				TargetAttributes = {
					BBCC63D52007F9A200A3B3CE = {
						CreatedOnToolsVersion = 9.1;
						ProvisioningStyle = Automatic;
					};
				};
			};
			buildConfigurationList = BBCC63D12007F9A200A3B3CE /* Build configuration list for PBXProject "Day03" */;
			compatibilityVersion = "Xcode 8.0";
			developmentRegion = en;
			hasScannedForEncodings = 0;
			knownRegions = (
				en,
				Base,
			);
			mainGroup = BBCC63CD2007F9A200A3B3CE;
			productRefGroup = BBCC63D72007F9A200A3B3CE /* Products */;
			projectDirPath = "";
			projectRoot = "";
			targets = (
				BBCC63D52007F9A200A3B3CE /* Day03 */,
			);
		};
/* End PBXProject section */

/* Begin PBXResourcesBuildPhase section */
		BBCC63D42007F9A200A3B3CE /* Resources */ = {
			isa = PBXResourcesBuildPhase;
			buildActionMask = 2147483647;
			files = (
				BBCC63E42007F9A200A3B3CE /* LaunchScreen.storyboard in Resources */,
				BBCC63E12007F9A200A3B3CE /* Assets.xcassets in Resources */,
				BBCC63DF2007F9A200A3B3CE /* Main.storyboard in Resources */,
			);
			runOnlyForDeploymentPostprocessing = 0;
		};
/* End PBXResourcesBuildPhase section */

/* Begin PBXSourcesBuildPhase section */
		BBCC63D22007F9A200A3B3CE /* Sources */ = {
			isa = PBXSourcesBuildPhase;
			buildActionMask = 2147483647;
			files = (
				BBCC63DA2007F9A200A3B3CE /* AppDelegate.swift in Sources */,
				BBCC63EE2007FD5800A3B3CE /* PhotosViewController.swift in Sources */,
				BBCC63F02007FF9200A3B3CE /* CollectionViewCell.swift in Sources */,
				BB7B563A2008E12E000B9224 /* ZoomViewController.swift in Sources */,
			);
			runOnlyForDeploymentPostprocessing = 0;
		};
/* End PBXSourcesBuildPhase section */

/* Begin PBXVariantGroup section */
		BBCC63DD2007F9A200A3B3CE /* Main.storyboard */ = {
			isa = PBXVariantGroup;
			children = (
				BBCC63DE2007F9A200A3B3CE /* Base */,
			);
			name = Main.storyboard;
			sourceTree = "<group>";
		};
		BBCC63E22007F9A200A3B3CE /* LaunchScreen.storyboard */ = {
			isa = PBXVariantGroup;
			children = (
				BBCC63E32007F9A200A3B3CE /* Base */,
			);
			name = LaunchScreen.storyboard;
			sourceTree = "<group>";
		};
/* End PBXVariantGroup section */

/* Begin XCBuildConfiguration section */
		BBCC63E62007F9A200A3B3CE /* Debug */ = {
			isa = XCBuildConfiguration;
			buildSettings = {
				ALWAYS_SEARCH_USER_PATHS = NO;
				CLANG_ANALYZER_NONNULL = YES;
				CLANG_ANALYZER_NUMBER_OBJECT_CONVERSION = YES_AGGRESSIVE;
				CLANG_CXX_LANGUAGE_STANDARD = "gnu++14";
				CLANG_CXX_LIBRARY = "libc++";
				CLANG_ENABLE_MODULES = YES;
				CLANG_ENABLE_OBJC_ARC = YES;
				CLANG_WARN_BLOCK_CAPTURE_AUTORELEASING = YES;
				CLANG_WARN_BOOL_CONVERSION = YES;
				CLANG_WARN_COMMA = YES;
				CLANG_WARN_CONSTANT_CONVERSION = YES;
				CLANG_WARN_DIRECT_OBJC_ISA_USAGE = YES_ERROR;
				CLANG_WARN_DOCUMENTATION_COMMENTS = YES;
				CLANG_WARN_EMPTY_BODY = YES;
				CLANG_WARN_ENUM_CONVERSION = YES;
				CLANG_WARN_INFINITE_RECURSION = YES;
				CLANG_WARN_INT_CONVERSION = YES;
				CLANG_WARN_NON_LITERAL_NULL_CONVERSION = YES;
				CLANG_WARN_OBJC_LITERAL_CONVERSION = YES;
				CLANG_WARN_OBJC_ROOT_CLASS = YES_ERROR;
				CLANG_WARN_RANGE_LOOP_ANALYSIS = YES;
				CLANG_WARN_STRICT_PROTOTYPES = YES;
				CLANG_WARN_SUSPICIOUS_MOVE = YES;
				CLANG_WARN_UNGUARDED_AVAILABILITY = YES_AGGRESSIVE;
				CLANG_WARN_UNREACHABLE_CODE = YES;
				CLANG_WARN__DUPLICATE_METHOD_MATCH = YES;
				CODE_SIGN_IDENTITY = "iPhone Developer";
				COPY_PHASE_STRIP = NO;
				DEBUG_INFORMATION_FORMAT = dwarf;
				ENABLE_STRICT_OBJC_MSGSEND = YES;
				ENABLE_TESTABILITY = YES;
				GCC_C_LANGUAGE_STANDARD = gnu11;
				GCC_DYNAMIC_NO_PIC = NO;
				GCC_NO_COMMON_BLOCKS = YES;
				GCC_OPTIMIZATION_LEVEL = 0;
				GCC_PREPROCESSOR_DEFINITIONS = (
					"DEBUG=1",
					"$(inherited)",
				);
				GCC_WARN_64_TO_32_BIT_CONVERSION = YES;
				GCC_WARN_ABOUT_RETURN_TYPE = YES_ERROR;
				GCC_WARN_UNDECLARED_SELECTOR = YES;
				GCC_WARN_UNINITIALIZED_AUTOS = YES_AGGRESSIVE;
				GCC_WARN_UNUSED_FUNCTION = YES;
				GCC_WARN_UNUSED_VARIABLE = YES;
				IPHONEOS_DEPLOYMENT_TARGET = 11.1;
				MTL_ENABLE_DEBUG_INFO = YES;
				ONLY_ACTIVE_ARCH = YES;
				SDKROOT = iphoneos;
				SWIFT_ACTIVE_COMPILATION_CONDITIONS = DEBUG;
				SWIFT_OPTIMIZATION_LEVEL = "-Onone";
			};
			name = Debug;
		};
		BBCC63E72007F9A200A3B3CE /* Release */ = {
			isa = XCBuildConfiguration;
			buildSettings = {
				ALWAYS_SEARCH_USER_PATHS = NO;
				CLANG_ANALYZER_NONNULL = YES;
				CLANG_ANALYZER_NUMBER_OBJECT_CONVERSION = YES_AGGRESSIVE;
				CLANG_CXX_LANGUAGE_STANDARD = "gnu++14";
				CLANG_CXX_LIBRARY = "libc++";
				CLANG_ENABLE_MODULES = YES;
				CLANG_ENABLE_OBJC_ARC = YES;
				CLANG_WARN_BLOCK_CAPTURE_AUTORELEASING = YES;
				CLANG_WARN_BOOL_CONVERSION = YES;
				CLANG_WARN_COMMA = YES;
				CLANG_WARN_CONSTANT_CONVERSION = YES;
				CLANG_WARN_DIRECT_OBJC_ISA_USAGE = YES_ERROR;
				CLANG_WARN_DOCUMENTATION_COMMENTS = YES;
				CLANG_WARN_EMPTY_BODY = YES;
				CLANG_WARN_ENUM_CONVERSION = YES;
				CLANG_WARN_INFINITE_RECURSION = YES;
				CLANG_WARN_INT_CONVERSION = YES;
				CLANG_WARN_NON_LITERAL_NULL_CONVERSION = YES;
				CLANG_WARN_OBJC_LITERAL_CONVERSION = YES;
				CLANG_WARN_OBJC_ROOT_CLASS = YES_ERROR;
				CLANG_WARN_RANGE_LOOP_ANALYSIS = YES;
				CLANG_WARN_STRICT_PROTOTYPES = YES;
				CLANG_WARN_SUSPICIOUS_MOVE = YES;
				CLANG_WARN_UNGUARDED_AVAILABILITY = YES_AGGRESSIVE;
				CLANG_WARN_UNREACHABLE_CODE = YES;
				CLANG_WARN__DUPLICATE_METHOD_MATCH = YES;
				CODE_SIGN_IDENTITY = "iPhone Developer";
				COPY_PHASE_STRIP = NO;
				DEBUG_INFORMATION_FORMAT = "dwarf-with-dsym";
				ENABLE_NS_ASSERTIONS = NO;
				ENABLE_STRICT_OBJC_MSGSEND = YES;
				GCC_C_LANGUAGE_STANDARD = gnu11;
				GCC_NO_COMMON_BLOCKS = YES;
				GCC_WARN_64_TO_32_BIT_CONVERSION = YES;
				GCC_WARN_ABOUT_RETURN_TYPE = YES_ERROR;
				GCC_WARN_UNDECLARED_SELECTOR = YES;
				GCC_WARN_UNINITIALIZED_AUTOS = YES_AGGRESSIVE;
				GCC_WARN_UNUSED_FUNCTION = YES;
				GCC_WARN_UNUSED_VARIABLE = YES;
				IPHONEOS_DEPLOYMENT_TARGET = 11.1;
				MTL_ENABLE_DEBUG_INFO = NO;
				SDKROOT = iphoneos;
				SWIFT_OPTIMIZATION_LEVEL = "-Owholemodule";
				VALIDATE_PRODUCT = YES;
			};
			name = Release;
		};
		BBCC63E92007F9A200A3B3CE /* Debug */ = {
			isa = XCBuildConfiguration;
			buildSettings = {
				ASSETCATALOG_COMPILER_APPICON_NAME = AppIcon;
				CODE_SIGN_STYLE = Automatic;
				INFOPLIST_FILE = Day03/Info.plist;
				LD_RUNPATH_SEARCH_PATHS = "$(inherited) @executable_path/Frameworks";
				PRODUCT_BUNDLE_IDENTIFIER = sgaudin.Day03;
				PRODUCT_NAME = "$(TARGET_NAME)";
				SWIFT_VERSION = 4.0;
				TARGETED_DEVICE_FAMILY = "1,2";
			};
			name = Debug;
		};
		BBCC63EA2007F9A200A3B3CE /* Release */ = {
			isa = XCBuildConfiguration;
			buildSettings = {
				ASSETCATALOG_COMPILER_APPICON_NAME = AppIcon;
				CODE_SIGN_STYLE = Automatic;
				INFOPLIST_FILE = Day03/Info.plist;
				LD_RUNPATH_SEARCH_PATHS = "$(inherited) @executable_path/Frameworks";
				PRODUCT_BUNDLE_IDENTIFIER = sgaudin.Day03;
				PRODUCT_NAME = "$(TARGET_NAME)";
				SWIFT_VERSION = 4.0;
				TARGETED_DEVICE_FAMILY = "1,2";
			};
			name = Release;
		};
/* End XCBuildConfiguration section */

/* Begin XCConfigurationList section */
		BBCC63D12007F9A200A3B3CE /* Build configuration list for PBXProject "Day03" */ = {
			isa = XCConfigurationList;
			buildConfigurations = (
				BBCC63E62007F9A200A3B3CE /* Debug */,
				BBCC63E72007F9A200A3B3CE /* Release */,
			);
			defaultConfigurationIsVisible = 0;
			defaultConfigurationName = Release;
		};
		BBCC63E82007F9A200A3B3CE /* Build configuration list for PBXNativeTarget "Day03" */ = {
			isa = XCConfigurationList;
			buildConfigurations = (
				BBCC63E92007F9A200A3B3CE /* Debug */,
				BBCC63EA2007F9A200A3B3CE /* Release */,
			);
			defaultConfigurationIsVisible = 0;
			defaultConfigurationName = Release;
		};
/* End XCConfigurationList section */
	};
	rootObject = BBCC63CE2007F9A200A3B3CE /* Project object */;
}
